PODS:
  - Flutter (1.0.0)
  - flutter_lottie (0.0.1):
    - Flutter
    - lottie-ios
  - lottie-ios (3.1.6)

DEPENDENCIES:
  - Flutter (from `.symlinks/flutter/ios`)
  - flutter_lottie (from `.symlinks/plugins/flutter_lottie/ios`)

SPEC REPOS:
  trunk:
    - lottie-ios

EXTERNAL SOURCES:
  Flutter:
    :path: ".symlinks/flutter/ios"
  flutter_lottie:
    :path: ".symlinks/plugins/flutter_lottie/ios"

SPEC CHECKSUMS:
  Flutter: 0e3d915762c693b495b44d77113d4970485de6ec
  flutter_lottie: 3c414e9cdbc2e7d4e2331b69ae0fb640b5c08ccb
  lottie-ios: 85ce835dd8c53e02509f20729fc7d6a4e6645a0a

PODFILE CHECKSUM: 2dea65f638d1e93cb46463a714d25df2a1647b6a

COCOAPODS: 1.9.1
